{
    "name": "core-grpc-s3-file-connector-example-reload-runner",
    "version": "0.0.1",
    "lockfileVersion": 1,
    "requires": true,
    "dependencies": {
        "enigma.js": {
            "version": "2.7.2",
            "resolved": "https://registry.npmjs.org/enigma.js/-/enigma.js-2.7.2.tgz",
            "integrity": "sha512-MATvu3+DqV3NGkdKM5uYJT8VLBkQeWgvNqiHsOXO/ChcMezwrKpr4gcn+gx/sqnACX9yaoFi02ECbs8rCZ+aIQ=="
        },
        "ws": {
            "version": "7.3.1",
            "resolved": "https://registry.npmjs.org/ws/-/ws-7.3.1.tgz",
            "integrity": "sha512-D3RuNkynyHmEJIpD2qrgVkc9DQ23OrN/moAwZX4L8DfvszsJxpjQuUq3LMx6HoYji9fbIOBY18XWBsAux1ZZUA=="
        }
    }
}
